
Microsoft Visual Studio Solution File, Format Version 12.00
# Visual Studio 15
VisualStudioVersion = 15.0.28010.2026
MinimumVisualStudioVersion = 10.0.40219.1
Project("{FAE04EC0-301F-11D3-BF4B-00C04F79EFBC}") = "CollegeAdministration", "CollegeAdministration\CollegeAdministration.csproj", "{CCA2FBE1-045E-47C0-B36C-112A9C46B329}"
EndProject
Global
	GlobalSection(SolutionConfigurationPlatforms) = preSolution
		Debug|Any CPU = Debug|Any CPU
		Release|Any CPU = Release|Any CPU
	EndGlobalSection
	GlobalSection(ProjectConfigurationPlatforms) = postSolution
		{CCA2FBE1-045E-47C0-B36C-112A9C46B329}.Debug|Any CPU.ActiveCfg = Debug|Any CPU
		{CCA2FBE1-045E-47C0-B36C-112A9C46B329}.Debug|Any CPU.Build.0 = Debug|Any CPU
		{CCA2FBE1-045E-47C0-B36C-112A9C46B329}.Release|Any CPU.ActiveCfg = Release|Any CPU
		{CCA2FBE1-045E-47C0-B36C-112A9C46B329}.Release|Any CPU.Build.0 = Release|Any CPU
	EndGlobalSection
	GlobalSection(SolutionProperties) = preSolution
		HideSolutionNode = FALSE
	EndGlobalSection
	GlobalSection(ExtensibilityGlobals) = postSolution
		SolutionGuid = {B140FA14-0BDA-4B5D-8FB3-CD7D9D2909DA}
	EndGlobalSection
EndGlobal
